
Microsoft Visual Studio Solution File, Format Version 12.00
# Visual Studio Version 16
VisualStudioVersion = 16.0.30413.136
MinimumVisualStudioVersion = 10.0.40219.1
Project("{FAE04EC0-301F-11D3-BF4B-00C04F79EFBC}") = "BlazorCustomVisionUploader.Server", "BlazorCustomVisionUploader\Server\BlazorCustomVisionUploader.Server.csproj", "{47450BB4-FA26-42C7-AEB6-4532562EBF74}"
EndProject
Project("{FAE04EC0-301F-11D3-BF4B-00C04F79EFBC}") = "BlazorCustomVisionUploader.Client", "BlazorCustomVisionUploader\Client\BlazorCustomVisionUploader.Client.csproj", "{2D76E795-49A3-406F-8213-699C4F882C84}"
EndProject
Project("{FAE04EC0-301F-11D3-BF4B-00C04F79EFBC}") = "BlazorCustomVisionUploader.Shared", "BlazorCustomVisionUploader\Shared\BlazorCustomVisionUploader.Shared.csproj", "{FB20B05A-AB1B-4992-BC03-21606DF9C743}"
EndProject
Global
	GlobalSection(SolutionConfigurationPlatforms) = preSolution
		Debug|Any CPU = Debug|Any CPU
		Release|Any CPU = Release|Any CPU
	EndGlobalSection
	GlobalSection(ProjectConfigurationPlatforms) = postSolution
		{47450BB4-FA26-42C7-AEB6-4532562EBF74}.Debug|Any CPU.ActiveCfg = Debug|Any CPU
		{47450BB4-FA26-42C7-AEB6-4532562EBF74}.Debug|Any CPU.Build.0 = Debug|Any CPU
		{47450BB4-FA26-42C7-AEB6-4532562EBF74}.Release|Any CPU.ActiveCfg = Release|Any CPU
		{47450BB4-FA26-42C7-AEB6-4532562EBF74}.Release|Any CPU.Build.0 = Release|Any CPU
		{2D76E795-49A3-406F-8213-699C4F882C84}.Debug|Any CPU.ActiveCfg = Debug|Any CPU
		{2D76E795-49A3-406F-8213-699C4F882C84}.Debug|Any CPU.Build.0 = Debug|Any CPU
		{2D76E795-49A3-406F-8213-699C4F882C84}.Release|Any CPU.ActiveCfg = Release|Any CPU
		{2D76E795-49A3-406F-8213-699C4F882C84}.Release|Any CPU.Build.0 = Release|Any CPU
		{FB20B05A-AB1B-4992-BC03-21606DF9C743}.Debug|Any CPU.ActiveCfg = Debug|Any CPU
		{FB20B05A-AB1B-4992-BC03-21606DF9C743}.Debug|Any CPU.Build.0 = Debug|Any CPU
		{FB20B05A-AB1B-4992-BC03-21606DF9C743}.Release|Any CPU.ActiveCfg = Release|Any CPU
		{FB20B05A-AB1B-4992-BC03-21606DF9C743}.Release|Any CPU.Build.0 = Release|Any CPU
	EndGlobalSection
	GlobalSection(SolutionProperties) = preSolution
		HideSolutionNode = FALSE
	EndGlobalSection
	GlobalSection(ExtensibilityGlobals) = postSolution
		SolutionGuid = {C65864F0-ADA6-4678-8C25-0E808252A3B8}
	EndGlobalSection
EndGlobal
